// !$*UTF8*$!
{
	archiveVersion = 1;
	classes = {
	};
	objectVersion = 56;
	objects = {

/* Begin PBXBuildFile section */
		6E06AA7B2B9B04CC0004C97F /* ModelData.swift in Sources */ = {isa = PBXBuildFile; fileRef = 6E06AA712B9B04CC0004C97F /* ModelData.swift */; };
		6E06AA7C2B9B04CC0004C97F /* Sounds.swift in Sources */ = {isa = PBXBuildFile; fileRef = 6E06AA722B9B04CC0004C97F /* Sounds.swift */; };
		6E06AA7D2B9B04CC0004C97F /* soundsData.json in Resources */ = {isa = PBXBuildFile; fileRef = 6E06AA742B9B04CC0004C97F /* soundsData.json */; };
		6E06AA7E2B9B04CC0004C97F /* ContentView.swift in Sources */ = {isa = PBXBuildFile; fileRef = 6E06AA762B9B04CC0004C97F /* ContentView.swift */; };
		6E06AA7F2B9B04CC0004C97F /* SoundDetail.swift in Sources */ = {isa = PBXBuildFile; fileRef = 6E06AA772B9B04CC0004C97F /* SoundDetail.swift */; };
		6E06AA802B9B04CC0004C97F /* SoundsList.swift in Sources */ = {isa = PBXBuildFile; fileRef = 6E06AA782B9B04CC0004C97F /* SoundsList.swift */; };
		6E06AA812B9B04CC0004C97F /* SoundsRow.swift in Sources */ = {isa = PBXBuildFile; fileRef = 6E06AA792B9B04CC0004C97F /* SoundsRow.swift */; };
		6E06AA832B9B19430004C97F /* CircleImage.swift in Sources */ = {isa = PBXBuildFile; fileRef = 6E06AA822B9B19430004C97F /* CircleImage.swift */; };
		6EA8E67C2B96061900E3DB5D /* SleepySoundsApp.swift in Sources */ = {isa = PBXBuildFile; fileRef = 6EA8E67B2B96061900E3DB5D /* SleepySoundsApp.swift */; };
		6EA8E6802B96061A00E3DB5D /* Assets.xcassets in Resources */ = {isa = PBXBuildFile; fileRef = 6EA8E67F2B96061A00E3DB5D /* Assets.xcassets */; };
		6EA8E6832B96061A00E3DB5D /* Preview Assets.xcassets in Resources */ = {isa = PBXBuildFile; fileRef = 6EA8E6822B96061A00E3DB5D /* Preview Assets.xcassets */; };
		6EA8E68D2B96061A00E3DB5D /* SleepySoundsTests.swift in Sources */ = {isa = PBXBuildFile; fileRef = 6EA8E68C2B96061A00E3DB5D /* SleepySoundsTests.swift */; };
		6EA8E6972B96061A00E3DB5D /* SleepySoundsUITests.swift in Sources */ = {isa = PBXBuildFile; fileRef = 6EA8E6962B96061A00E3DB5D /* SleepySoundsUITests.swift */; };
		6EA8E6992B96061A00E3DB5D /* SleepySoundsUITestsLaunchTests.swift in Sources */ = {isa = PBXBuildFile; fileRef = 6EA8E6982B96061A00E3DB5D /* SleepySoundsUITestsLaunchTests.swift */; };
/* End PBXBuildFile section */

/* Begin PBXContainerItemProxy section */
		6EA8E6892B96061A00E3DB5D /* PBXContainerItemProxy */ = {
			isa = PBXContainerItemProxy;
			containerPortal = 6EA8E6702B96061900E3DB5D /* Project object */;
			proxyType = 1;
			remoteGlobalIDString = 6EA8E6772B96061900E3DB5D;
			remoteInfo = SleepySounds;
		};
		6EA8E6932B96061A00E3DB5D /* PBXContainerItemProxy */ = {
			isa = PBXContainerItemProxy;
			containerPortal = 6EA8E6702B96061900E3DB5D /* Project object */;
			proxyType = 1;
			remoteGlobalIDString = 6EA8E6772B96061900E3DB5D;
			remoteInfo = SleepySounds;
		};
/* End PBXContainerItemProxy section */

/* Begin PBXFileReference section */
		6E06AA712B9B04CC0004C97F /* ModelData.swift */ = {isa = PBXFileReference; fileEncoding = 4; lastKnownFileType = sourcecode.swift; path = ModelData.swift; sourceTree = "<group>"; };
		6E06AA722B9B04CC0004C97F /* Sounds.swift */ = {isa = PBXFileReference; fileEncoding = 4; lastKnownFileType = sourcecode.swift; path = Sounds.swift; sourceTree = "<group>"; };
		6E06AA742B9B04CC0004C97F /* soundsData.json */ = {isa = PBXFileReference; fileEncoding = 4; lastKnownFileType = text.json; path = soundsData.json; sourceTree = "<group>"; };
		6E06AA762B9B04CC0004C97F /* ContentView.swift */ = {isa = PBXFileReference; fileEncoding = 4; lastKnownFileType = sourcecode.swift; path = ContentView.swift; sourceTree = "<group>"; };
		6E06AA772B9B04CC0004C97F /* SoundDetail.swift */ = {isa = PBXFileReference; fileEncoding = 4; lastKnownFileType = sourcecode.swift; path = SoundDetail.swift; sourceTree = "<group>"; };
		6E06AA782B9B04CC0004C97F /* SoundsList.swift */ = {isa = PBXFileReference; fileEncoding = 4; lastKnownFileType = sourcecode.swift; path = SoundsList.swift; sourceTree = "<group>"; };
		6E06AA792B9B04CC0004C97F /* SoundsRow.swift */ = {isa = PBXFileReference; fileEncoding = 4; lastKnownFileType = sourcecode.swift; path = SoundsRow.swift; sourceTree = "<group>"; };
		6E06AA822B9B19430004C97F /* CircleImage.swift */ = {isa = PBXFileReference; lastKnownFileType = sourcecode.swift; path = CircleImage.swift; sourceTree = "<group>"; };
		6EA8E6782B96061900E3DB5D /* SleepySounds.app */ = {isa = PBXFileReference; explicitFileType = wrapper.application; includeInIndex = 0; path = SleepySounds.app; sourceTree = BUILT_PRODUCTS_DIR; };
		6EA8E67B2B96061900E3DB5D /* SleepySoundsApp.swift */ = {isa = PBXFileReference; lastKnownFileType = sourcecode.swift; path = SleepySoundsApp.swift; sourceTree = "<group>"; };
		6EA8E67F2B96061A00E3DB5D /* Assets.xcassets */ = {isa = PBXFileReference; lastKnownFileType = folder.assetcatalog; path = Assets.xcassets; sourceTree = "<group>"; };
		6EA8E6822B96061A00E3DB5D /* Preview Assets.xcassets */ = {isa = PBXFileReference; lastKnownFileType = folder.assetcatalog; path = "Preview Assets.xcassets"; sourceTree = "<group>"; };
		6EA8E6882B96061A00E3DB5D /* SleepySoundsTests.xctest */ = {isa = PBXFileReference; explicitFileType = wrapper.cfbundle; includeInIndex = 0; path = SleepySoundsTests.xctest; sourceTree = BUILT_PRODUCTS_DIR; };
		6EA8E68C2B96061A00E3DB5D /* SleepySoundsTests.swift */ = {isa = PBXFileReference; lastKnownFileType = sourcecode.swift; path = SleepySoundsTests.swift; sourceTree = "<group>"; };
		6EA8E6922B96061A00E3DB5D /* SleepySoundsUITests.xctest */ = {isa = PBXFileReference; explicitFileType = wrapper.cfbundle; includeInIndex = 0; path = SleepySoundsUITests.xctest; sourceTree = BUILT_PRODUCTS_DIR; };
		6EA8E6962B96061A00E3DB5D /* SleepySoundsUITests.swift */ = {isa = PBXFileReference; lastKnownFileType = sourcecode.swift; path = SleepySoundsUITests.swift; sourceTree = "<group>"; };
		6EA8E6982B96061A00E3DB5D /* SleepySoundsUITestsLaunchTests.swift */ = {isa = PBXFileReference; lastKnownFileType = sourcecode.swift; path = SleepySoundsUITestsLaunchTests.swift; sourceTree = "<group>"; };
/* End PBXFileReference section */

/* Begin PBXFrameworksBuildPhase section */
		6EA8E6752B96061900E3DB5D /* Frameworks */ = {
			isa = PBXFrameworksBuildPhase;
			buildActionMask = 2147483647;
			files = (
			);
			runOnlyForDeploymentPostprocessing = 0;
		};
		6EA8E6852B96061A00E3DB5D /* Frameworks */ = {
			isa = PBXFrameworksBuildPhase;
			buildActionMask = 2147483647;
			files = (
			);
			runOnlyForDeploymentPostprocessing = 0;
		};
		6EA8E68F2B96061A00E3DB5D /* Frameworks */ = {
			isa = PBXFrameworksBuildPhase;
			buildActionMask = 2147483647;
			files = (
			);
			runOnlyForDeploymentPostprocessing = 0;
		};
/* End PBXFrameworksBuildPhase section */

/* Begin PBXGroup section */
		6E06AA732B9B04CC0004C97F /* Models */ = {
			isa = PBXGroup;
			children = (
				6E06AA712B9B04CC0004C97F /* ModelData.swift */,
				6E06AA722B9B04CC0004C97F /* Sounds.swift */,
			);
			path = Models;
			sourceTree = "<group>";
		};
		6E06AA752B9B04CC0004C97F /* Ressource */ = {
			isa = PBXGroup;
			children = (
				6E06AA742B9B04CC0004C97F /* soundsData.json */,
			);
			path = Ressource;
			sourceTree = "<group>";
		};
		6E06AA7A2B9B04CC0004C97F /*  Views */ = {
			isa = PBXGroup;
			children = (
				6E06AA762B9B04CC0004C97F /* ContentView.swift */,
				6E06AA772B9B04CC0004C97F /* SoundDetail.swift */,
				6E06AA782B9B04CC0004C97F /* SoundsList.swift */,
				6E06AA792B9B04CC0004C97F /* SoundsRow.swift */,
				6E06AA822B9B19430004C97F /* CircleImage.swift */,
			);
			path = " Views";
			sourceTree = "<group>";
		};
		6EA8E66F2B96061900E3DB5D = {
			isa = PBXGroup;
			children = (
				6EA8E67A2B96061900E3DB5D /* SleepySounds */,
				6EA8E68B2B96061A00E3DB5D /* SleepySoundsTests */,
				6EA8E6952B96061A00E3DB5D /* SleepySoundsUITests */,
				6EA8E6792B96061900E3DB5D /* Products */,
			);
			sourceTree = "<group>";
		};
		6EA8E6792B96061900E3DB5D /* Products */ = {
			isa = PBXGroup;
			children = (
				6EA8E6782B96061900E3DB5D /* SleepySounds.app */,
				6EA8E6882B96061A00E3DB5D /* SleepySoundsTests.xctest */,
				6EA8E6922B96061A00E3DB5D /* SleepySoundsUITests.xctest */,
			);
			name = Products;
			sourceTree = "<group>";
		};
		6EA8E67A2B96061900E3DB5D /* SleepySounds */ = {
			isa = PBXGroup;
			children = (
				6E06AA7A2B9B04CC0004C97F /*  Views */,
				6E06AA732B9B04CC0004C97F /* Models */,
				6E06AA752B9B04CC0004C97F /* Ressource */,
				6EA8E67B2B96061900E3DB5D /* SleepySoundsApp.swift */,
				6EA8E67F2B96061A00E3DB5D /* Assets.xcassets */,
				6EA8E6812B96061A00E3DB5D /* Preview Content */,
			);
			path = SleepySounds;
			sourceTree = "<group>";
		};
		6EA8E6812B96061A00E3DB5D /* Preview Content */ = {
			isa = PBXGroup;
			children = (
				6EA8E6822B96061A00E3DB5D /* Preview Assets.xcassets */,
			);
			path = "Preview Content";
			sourceTree = "<group>";
		};
		6EA8E68B2B96061A00E3DB5D /* SleepySoundsTests */ = {
			isa = PBXGroup;
			children = (
				6EA8E68C2B96061A00E3DB5D /* SleepySoundsTests.swift */,
			);
			path = SleepySoundsTests;
			sourceTree = "<group>";
		};
		6EA8E6952B96061A00E3DB5D /* SleepySoundsUITests */ = {
			isa = PBXGroup;
			children = (
				6EA8E6962B96061A00E3DB5D /* SleepySoundsUITests.swift */,
				6EA8E6982B96061A00E3DB5D /* SleepySoundsUITestsLaunchTests.swift */,
			);
			path = SleepySoundsUITests;
			sourceTree = "<group>";
		};
/* End PBXGroup section */

/* Begin PBXNativeTarget section */
		6EA8E6772B96061900E3DB5D /* SleepySounds */ = {
			isa = PBXNativeTarget;
			buildConfigurationList = 6EA8E69C2B96061A00E3DB5D /* Build configuration list for PBXNativeTarget "SleepySounds" */;
			buildPhases = (
				6EA8E6742B96061900E3DB5D /* Sources */,
				6EA8E6752B96061900E3DB5D /* Frameworks */,
				6EA8E6762B96061900E3DB5D /* Resources */,
			);
			buildRules = (
			);
			dependencies = (
			);
			name = SleepySounds;
			productName = SleepySounds;
			productReference = 6EA8E6782B96061900E3DB5D /* SleepySounds.app */;
			productType = "com.apple.product-type.application";
		};
		6EA8E6872B96061A00E3DB5D /* SleepySoundsTests */ = {
			isa = PBXNativeTarget;
			buildConfigurationList = 6EA8E69F2B96061A00E3DB5D /* Build configuration list for PBXNativeTarget "SleepySoundsTests" */;
			buildPhases = (
				6EA8E6842B96061A00E3DB5D /* Sources */,
				6EA8E6852B96061A00E3DB5D /* Frameworks */,
				6EA8E6862B96061A00E3DB5D /* Resources */,
			);
			buildRules = (
			);
			dependencies = (
				6EA8E68A2B96061A00E3DB5D /* PBXTargetDependency */,
			);
			name = SleepySoundsTests;
			productName = SleepySoundsTests;
			productReference = 6EA8E6882B96061A00E3DB5D /* SleepySoundsTests.xctest */;
			productType = "com.apple.product-type.bundle.unit-test";
		};
		6EA8E6912B96061A00E3DB5D /* SleepySoundsUITests */ = {
			isa = PBXNativeTarget;
			buildConfigurationList = 6EA8E6A22B96061A00E3DB5D /* Build configuration list for PBXNativeTarget "SleepySoundsUITests" */;
			buildPhases = (
				6EA8E68E2B96061A00E3DB5D /* Sources */,
				6EA8E68F2B96061A00E3DB5D /* Frameworks */,
				6EA8E6902B96061A00E3DB5D /* Resources */,
			);
			buildRules = (
			);
			dependencies = (
				6EA8E6942B96061A00E3DB5D /* PBXTargetDependency */,
			);
			name = SleepySoundsUITests;
			productName = SleepySoundsUITests;
			productReference = 6EA8E6922B96061A00E3DB5D /* SleepySoundsUITests.xctest */;
			productType = "com.apple.product-type.bundle.ui-testing";
		};
/* End PBXNativeTarget section */

/* Begin PBXProject section */
		6EA8E6702B96061900E3DB5D /* Project object */ = {
			isa = PBXProject;
			attributes = {
				BuildIndependentTargetsInParallel = 1;
				LastSwiftUpdateCheck = 1520;
				LastUpgradeCheck = 1520;
				TargetAttributes = {
					6EA8E6772B96061900E3DB5D = {
						CreatedOnToolsVersion = 15.2;
					};
					6EA8E6872B96061A00E3DB5D = {
						CreatedOnToolsVersion = 15.2;
						TestTargetID = 6EA8E6772B96061900E3DB5D;
					};
					6EA8E6912B96061A00E3DB5D = {
						CreatedOnToolsVersion = 15.2;
						TestTargetID = 6EA8E6772B96061900E3DB5D;
					};
				};
			};
			buildConfigurationList = 6EA8E6732B96061900E3DB5D /* Build configuration list for PBXProject "SleepySounds" */;
			compatibilityVersion = "Xcode 14.0";
			developmentRegion = en;
			hasScannedForEncodings = 0;
			knownRegions = (
				en,
				Base,
			);
			mainGroup = 6EA8E66F2B96061900E3DB5D;
			productRefGroup = 6EA8E6792B96061900E3DB5D /* Products */;
			projectDirPath = "";
			projectRoot = "";
			targets = (
				6EA8E6772B96061900E3DB5D /* SleepySounds */,
				6EA8E6872B96061A00E3DB5D /* SleepySoundsTests */,
				6EA8E6912B96061A00E3DB5D /* SleepySoundsUITests */,
			);
		};
/* End PBXProject section */

/* Begin PBXResourcesBuildPhase section */
		6EA8E6762B96061900E3DB5D /* Resources */ = {
			isa = PBXResourcesBuildPhase;
			buildActionMask = 2147483647;
			files = (
				6E06AA7D2B9B04CC0004C97F /* soundsData.json in Resources */,
				6EA8E6832B96061A00E3DB5D /* Preview Assets.xcassets in Resources */,
				6EA8E6802B96061A00E3DB5D /* Assets.xcassets in Resources */,
			);
			runOnlyForDeploymentPostprocessing = 0;
		};
		6EA8E6862B96061A00E3DB5D /* Resources */ = {
			isa = PBXResourcesBuildPhase;
			buildActionMask = 2147483647;
			files = (
			);
			runOnlyForDeploymentPostprocessing = 0;
		};
		6EA8E6902B96061A00E3DB5D /* Resources */ = {
			isa = PBXResourcesBuildPhase;
			buildActionMask = 2147483647;
			files = (
			);
			runOnlyForDeploymentPostprocessing = 0;
		};
/* End PBXResourcesBuildPhase section */

/* Begin PBXSourcesBuildPhase section */
		6EA8E6742B96061900E3DB5D /* Sources */ = {
			isa = PBXSourcesBuildPhase;
			buildActionMask = 2147483647;
			files = (
				6E06AA7F2B9B04CC0004C97F /* SoundDetail.swift in Sources */,
				6E06AA832B9B19430004C97F /* CircleImage.swift in Sources */,
				6E06AA7E2B9B04CC0004C97F /* ContentView.swift in Sources */,
				6EA8E67C2B96061900E3DB5D /* SleepySoundsApp.swift in Sources */,
				6E06AA802B9B04CC0004C97F /* SoundsList.swift in Sources */,
				6E06AA7B2B9B04CC0004C97F /* ModelData.swift in Sources */,
				6E06AA812B9B04CC0004C97F /* SoundsRow.swift in Sources */,
				6E06AA7C2B9B04CC0004C97F /* Sounds.swift in Sources */,
			);
			runOnlyForDeploymentPostprocessing = 0;
		};
		6EA8E6842B96061A00E3DB5D /* Sources */ = {
			isa = PBXSourcesBuildPhase;
			buildActionMask = 2147483647;
			files = (
				6EA8E68D2B96061A00E3DB5D /* SleepySoundsTests.swift in Sources */,
			);
			runOnlyForDeploymentPostprocessing = 0;
		};
		6EA8E68E2B96061A00E3DB5D /* Sources */ = {
			isa = PBXSourcesBuildPhase;
			buildActionMask = 2147483647;
			files = (
				6EA8E6992B96061A00E3DB5D /* SleepySoundsUITestsLaunchTests.swift in Sources */,
				6EA8E6972B96061A00E3DB5D /* SleepySoundsUITests.swift in Sources */,
			);
			runOnlyForDeploymentPostprocessing = 0;
		};
/* End PBXSourcesBuildPhase section */

/* Begin PBXTargetDependency section */
		6EA8E68A2B96061A00E3DB5D /* PBXTargetDependency */ = {
			isa = PBXTargetDependency;
			target = 6EA8E6772B96061900E3DB5D /* SleepySounds */;
			targetProxy = 6EA8E6892B96061A00E3DB5D /* PBXContainerItemProxy */;
		};
		6EA8E6942B96061A00E3DB5D /* PBXTargetDependency */ = {
			isa = PBXTargetDependency;
			target = 6EA8E6772B96061900E3DB5D /* SleepySounds */;
			targetProxy = 6EA8E6932B96061A00E3DB5D /* PBXContainerItemProxy */;
		};
/* End PBXTargetDependency section */

/* Begin XCBuildConfiguration section */
		6EA8E69A2B96061A00E3DB5D /* Debug */ = {
			isa = XCBuildConfiguration;
			buildSettings = {
				ALWAYS_SEARCH_USER_PATHS = NO;
				ASSETCATALOG_COMPILER_GENERATE_SWIFT_ASSET_SYMBOL_EXTENSIONS = YES;
				CLANG_ANALYZER_NONNULL = YES;
				CLANG_ANALYZER_NUMBER_OBJECT_CONVERSION = YES_AGGRESSIVE;
				CLANG_CXX_LANGUAGE_STANDARD = "gnu++20";
				CLANG_ENABLE_MODULES = YES;
				CLANG_ENABLE_OBJC_ARC = YES;
				CLANG_ENABLE_OBJC_WEAK = YES;
				CLANG_WARN_BLOCK_CAPTURE_AUTORELEASING = YES;
				CLANG_WARN_BOOL_CONVERSION = YES;
				CLANG_WARN_COMMA = YES;
				CLANG_WARN_CONSTANT_CONVERSION = YES;
				CLANG_WARN_DEPRECATED_OBJC_IMPLEMENTATIONS = YES;
				CLANG_WARN_DIRECT_OBJC_ISA_USAGE = YES_ERROR;
				CLANG_WARN_DOCUMENTATION_COMMENTS = YES;
				CLANG_WARN_EMPTY_BODY = YES;
				CLANG_WARN_ENUM_CONVERSION = YES;
				CLANG_WARN_INFINITE_RECURSION = YES;
				CLANG_WARN_INT_CONVERSION = YES;
				CLANG_WARN_NON_LITERAL_NULL_CONVERSION = YES;
				CLANG_WARN_OBJC_IMPLICIT_RETAIN_SELF = YES;
				CLANG_WARN_OBJC_LITERAL_CONVERSION = YES;
				CLANG_WARN_OBJC_ROOT_CLASS = YES_ERROR;
				CLANG_WARN_QUOTED_INCLUDE_IN_FRAMEWORK_HEADER = YES;
				CLANG_WARN_RANGE_LOOP_ANALYSIS = YES;
				CLANG_WARN_STRICT_PROTOTYPES = YES;
				CLANG_WARN_SUSPICIOUS_MOVE = YES;
				CLANG_WARN_UNGUARDED_AVAILABILITY = YES_AGGRESSIVE;
				CLANG_WARN_UNREACHABLE_CODE = YES;
				CLANG_WARN__DUPLICATE_METHOD_MATCH = YES;
				COPY_PHASE_STRIP = NO;
				DEBUG_INFORMATION_FORMAT = dwarf;
				ENABLE_STRICT_OBJC_MSGSEND = YES;
				ENABLE_TESTABILITY = YES;
				ENABLE_USER_SCRIPT_SANDBOXING = YES;
				GCC_C_LANGUAGE_STANDARD = gnu17;
				GCC_DYNAMIC_NO_PIC = NO;
				GCC_NO_COMMON_BLOCKS = YES;
				GCC_OPTIMIZATION_LEVEL = 0;
				GCC_PREPROCESSOR_DEFINITIONS = (
					"DEBUG=1",
					"$(inherited)",
				);
				GCC_WARN_64_TO_32_BIT_CONVERSION = YES;
				GCC_WARN_ABOUT_RETURN_TYPE = YES_ERROR;
				GCC_WARN_UNDECLARED_SELECTOR = YES;
				GCC_WARN_UNINITIALIZED_AUTOS = YES_AGGRESSIVE;
				GCC_WARN_UNUSED_FUNCTION = YES;
				GCC_WARN_UNUSED_VARIABLE = YES;
				IPHONEOS_DEPLOYMENT_TARGET = 17.2;
				LOCALIZATION_PREFERS_STRING_CATALOGS = YES;
				MTL_ENABLE_DEBUG_INFO = INCLUDE_SOURCE;
				MTL_FAST_MATH = YES;
				ONLY_ACTIVE_ARCH = YES;
				SDKROOT = iphoneos;
				SWIFT_ACTIVE_COMPILATION_CONDITIONS = "DEBUG $(inherited)";
				SWIFT_OPTIMIZATION_LEVEL = "-Onone";
			};
			name = Debug;
		};
		6EA8E69B2B96061A00E3DB5D /* Release */ = {
			isa = XCBuildConfiguration;
			buildSettings = {
				ALWAYS_SEARCH_USER_PATHS = NO;
				ASSETCATALOG_COMPILER_GENERATE_SWIFT_ASSET_SYMBOL_EXTENSIONS = YES;
				CLANG_ANALYZER_NONNULL = YES;
				CLANG_ANALYZER_NUMBER_OBJECT_CONVERSION = YES_AGGRESSIVE;
				CLANG_CXX_LANGUAGE_STANDARD = "gnu++20";
				CLANG_ENABLE_MODULES = YES;
				CLANG_ENABLE_OBJC_ARC = YES;
				CLANG_ENABLE_OBJC_WEAK = YES;
				CLANG_WARN_BLOCK_CAPTURE_AUTORELEASING = YES;
				CLANG_WARN_BOOL_CONVERSION = YES;
				CLANG_WARN_COMMA = YES;
				CLANG_WARN_CONSTANT_CONVERSION = YES;
				CLANG_WARN_DEPRECATED_OBJC_IMPLEMENTATIONS = YES;
				CLANG_WARN_DIRECT_OBJC_ISA_USAGE = YES_ERROR;
				CLANG_WARN_DOCUMENTATION_COMMENTS = YES;
				CLANG_WARN_EMPTY_BODY = YES;
				CLANG_WARN_ENUM_CONVERSION = YES;
				CLANG_WARN_INFINITE_RECURSION = YES;
				CLANG_WARN_INT_CONVERSION = YES;
				CLANG_WARN_NON_LITERAL_NULL_CONVERSION = YES;
				CLANG_WARN_OBJC_IMPLICIT_RETAIN_SELF = YES;
				CLANG_WARN_OBJC_LITERAL_CONVERSION = YES;
				CLANG_WARN_OBJC_ROOT_CLASS = YES_ERROR;
				CLANG_WARN_QUOTED_INCLUDE_IN_FRAMEWORK_HEADER = YES;
				CLANG_WARN_RANGE_LOOP_ANALYSIS = YES;
				CLANG_WARN_STRICT_PROTOTYPES = YES;
				CLANG_WARN_SUSPICIOUS_MOVE = YES;
				CLANG_WARN_UNGUARDED_AVAILABILITY = YES_AGGRESSIVE;
				CLANG_WARN_UNREACHABLE_CODE = YES;
				CLANG_WARN__DUPLICATE_METHOD_MATCH = YES;
				COPY_PHASE_STRIP = NO;
				DEBUG_INFORMATION_FORMAT = "dwarf-with-dsym";
				ENABLE_NS_ASSERTIONS = NO;
				ENABLE_STRICT_OBJC_MSGSEND = YES;
				ENABLE_USER_SCRIPT_SANDBOXING = YES;
				GCC_C_LANGUAGE_STANDARD = gnu17;
				GCC_NO_COMMON_BLOCKS = YES;
				GCC_WARN_64_TO_32_BIT_CONVERSION = YES;
				GCC_WARN_ABOUT_RETURN_TYPE = YES_ERROR;
				GCC_WARN_UNDECLARED_SELECTOR = YES;
				GCC_WARN_UNINITIALIZED_AUTOS = YES_AGGRESSIVE;
				GCC_WARN_UNUSED_FUNCTION = YES;
				GCC_WARN_UNUSED_VARIABLE = YES;
				IPHONEOS_DEPLOYMENT_TARGET = 17.2;
				LOCALIZATION_PREFERS_STRING_CATALOGS = YES;
				MTL_ENABLE_DEBUG_INFO = NO;
				MTL_FAST_MATH = YES;
				SDKROOT = iphoneos;
				SWIFT_COMPILATION_MODE = wholemodule;
				VALIDATE_PRODUCT = YES;
			};
			name = Release;
		};
		6EA8E69D2B96061A00E3DB5D /* Debug */ = {
			isa = XCBuildConfiguration;
			buildSettings = {
				ASSETCATALOG_COMPILER_APPICON_NAME = AppIcon;
				ASSETCATALOG_COMPILER_GLOBAL_ACCENT_COLOR_NAME = AccentColor;
				CODE_SIGN_STYLE = Automatic;
				CURRENT_PROJECT_VERSION = 1;
				DEVELOPMENT_ASSET_PATHS = "\"SleepySounds/Preview Content\"";
				DEVELOPMENT_TEAM = L5674HJMFF;
				ENABLE_PREVIEWS = YES;
				GENERATE_INFOPLIST_FILE = YES;
				INFOPLIST_KEY_UIApplicationSceneManifest_Generation = YES;
				INFOPLIST_KEY_UIApplicationSupportsIndirectInputEvents = YES;
				INFOPLIST_KEY_UILaunchScreen_Generation = YES;
				INFOPLIST_KEY_UISupportedInterfaceOrientations_iPad = "UIInterfaceOrientationPortrait UIInterfaceOrientationPortraitUpsideDown UIInterfaceOrientationLandscapeLeft UIInterfaceOrientationLandscapeRight";
				INFOPLIST_KEY_UISupportedInterfaceOrientations_iPhone = "UIInterfaceOrientationPortrait UIInterfaceOrientationLandscapeLeft UIInterfaceOrientationLandscapeRight";
				LD_RUNPATH_SEARCH_PATHS = (
					"$(inherited)",
					"@executable_path/Frameworks",
				);
				MARKETING_VERSION = 1.0;
				PRODUCT_BUNDLE_IDENTIFIER = MwonkeysApps.SleepySounds;
				PRODUCT_NAME = "$(TARGET_NAME)";
				SWIFT_EMIT_LOC_STRINGS = YES;
				SWIFT_VERSION = 5.0;
				TARGETED_DEVICE_FAMILY = "1,2";
			};
			name = Debug;
		};
		6EA8E69E2B96061A00E3DB5D /* Release */ = {
			isa = XCBuildConfiguration;
			buildSettings = {
				ASSETCATALOG_COMPILER_APPICON_NAME = AppIcon;
				ASSETCATALOG_COMPILER_GLOBAL_ACCENT_COLOR_NAME = AccentColor;
				CODE_SIGN_STYLE = Automatic;
				CURRENT_PROJECT_VERSION = 1;
				DEVELOPMENT_ASSET_PATHS = "\"SleepySounds/Preview Content\"";
				DEVELOPMENT_TEAM = L5674HJMFF;
				ENABLE_PREVIEWS = YES;
				GENERATE_INFOPLIST_FILE = YES;
				INFOPLIST_KEY_UIApplicationSceneManifest_Generation = YES;
				INFOPLIST_KEY_UIApplicationSupportsIndirectInputEvents = YES;
				INFOPLIST_KEY_UILaunchScreen_Generation = YES;
				INFOPLIST_KEY_UISupportedInterfaceOrientations_iPad = "UIInterfaceOrientationPortrait UIInterfaceOrientationPortraitUpsideDown UIInterfaceOrientationLandscapeLeft UIInterfaceOrientationLandscapeRight";
				INFOPLIST_KEY_UISupportedInterfaceOrientations_iPhone = "UIInterfaceOrientationPortrait UIInterfaceOrientationLandscapeLeft UIInterfaceOrientationLandscapeRight";
				LD_RUNPATH_SEARCH_PATHS = (
					"$(inherited)",
					"@executable_path/Frameworks",
				);
				MARKETING_VERSION = 1.0;
				PRODUCT_BUNDLE_IDENTIFIER = MwonkeysApps.SleepySounds;
				PRODUCT_NAME = "$(TARGET_NAME)";
				SWIFT_EMIT_LOC_STRINGS = YES;
				SWIFT_VERSION = 5.0;
				TARGETED_DEVICE_FAMILY = "1,2";
			};
			name = Release;
		};
		6EA8E6A02B96061A00E3DB5D /* Debug */ = {
			isa = XCBuildConfiguration;
			buildSettings = {
				ALWAYS_EMBED_SWIFT_STANDARD_LIBRARIES = YES;
				BUNDLE_LOADER = "$(TEST_HOST)";
				CODE_SIGN_STYLE = Automatic;
				CURRENT_PROJECT_VERSION = 1;
				DEVELOPMENT_TEAM = L5674HJMFF;
				GENERATE_INFOPLIST_FILE = YES;
				IPHONEOS_DEPLOYMENT_TARGET = 17.2;
				MARKETING_VERSION = 1.0;
				PRODUCT_BUNDLE_IDENTIFIER = MwonkeysApps.SleepySoundsTests;
				PRODUCT_NAME = "$(TARGET_NAME)";
				SWIFT_EMIT_LOC_STRINGS = NO;
				SWIFT_VERSION = 5.0;
				TARGETED_DEVICE_FAMILY = "1,2";
				TEST_HOST = "$(BUILT_PRODUCTS_DIR)/SleepySounds.app/$(BUNDLE_EXECUTABLE_FOLDER_PATH)/SleepySounds";
			};
			name = Debug;
		};
		6EA8E6A12B96061A00E3DB5D /* Release */ = {
			isa = XCBuildConfiguration;
			buildSettings = {
				ALWAYS_EMBED_SWIFT_STANDARD_LIBRARIES = YES;
				BUNDLE_LOADER = "$(TEST_HOST)";
				CODE_SIGN_STYLE = Automatic;
				CURRENT_PROJECT_VERSION = 1;
				DEVELOPMENT_TEAM = L5674HJMFF;
				GENERATE_INFOPLIST_FILE = YES;
				IPHONEOS_DEPLOYMENT_TARGET = 17.2;
				MARKETING_VERSION = 1.0;
				PRODUCT_BUNDLE_IDENTIFIER = MwonkeysApps.SleepySoundsTests;
				PRODUCT_NAME = "$(TARGET_NAME)";
				SWIFT_EMIT_LOC_STRINGS = NO;
				SWIFT_VERSION = 5.0;
				TARGETED_DEVICE_FAMILY = "1,2";
				TEST_HOST = "$(BUILT_PRODUCTS_DIR)/SleepySounds.app/$(BUNDLE_EXECUTABLE_FOLDER_PATH)/SleepySounds";
			};
			name = Release;
		};
		6EA8E6A32B96061A00E3DB5D /* Debug */ = {
			isa = XCBuildConfiguration;
			buildSettings = {
				ALWAYS_EMBED_SWIFT_STANDARD_LIBRARIES = YES;
				CODE_SIGN_STYLE = Automatic;
				CURRENT_PROJECT_VERSION = 1;
				DEVELOPMENT_TEAM = L5674HJMFF;
				GENERATE_INFOPLIST_FILE = YES;
				MARKETING_VERSION = 1.0;
				PRODUCT_BUNDLE_IDENTIFIER = MwonkeysApps.SleepySoundsUITests;
				PRODUCT_NAME = "$(TARGET_NAME)";
				SWIFT_EMIT_LOC_STRINGS = NO;
				SWIFT_VERSION = 5.0;
				TARGETED_DEVICE_FAMILY = "1,2";
				TEST_TARGET_NAME = SleepySounds;
			};
			name = Debug;
		};
		6EA8E6A42B96061A00E3DB5D /* Release */ = {
			isa = XCBuildConfiguration;
			buildSettings = {
				ALWAYS_EMBED_SWIFT_STANDARD_LIBRARIES = YES;
				CODE_SIGN_STYLE = Automatic;
				CURRENT_PROJECT_VERSION = 1;
				DEVELOPMENT_TEAM = L5674HJMFF;
				GENERATE_INFOPLIST_FILE = YES;
				MARKETING_VERSION = 1.0;
				PRODUCT_BUNDLE_IDENTIFIER = MwonkeysApps.SleepySoundsUITests;
				PRODUCT_NAME = "$(TARGET_NAME)";
				SWIFT_EMIT_LOC_STRINGS = NO;
				SWIFT_VERSION = 5.0;
				TARGETED_DEVICE_FAMILY = "1,2";
				TEST_TARGET_NAME = SleepySounds;
			};
			name = Release;
		};
/* End XCBuildConfiguration section */

/* Begin XCConfigurationList section */
		6EA8E6732B96061900E3DB5D /* Build configuration list for PBXProject "SleepySounds" */ = {
			isa = XCConfigurationList;
			buildConfigurations = (
				6EA8E69A2B96061A00E3DB5D /* Debug */,
				6EA8E69B2B96061A00E3DB5D /* Release */,
			);
			defaultConfigurationIsVisible = 0;
			defaultConfigurationName = Release;
		};
		6EA8E69C2B96061A00E3DB5D /* Build configuration list for PBXNativeTarget "SleepySounds" */ = {
			isa = XCConfigurationList;
			buildConfigurations = (
				6EA8E69D2B96061A00E3DB5D /* Debug */,
				6EA8E69E2B96061A00E3DB5D /* Release */,
			);
			defaultConfigurationIsVisible = 0;
			defaultConfigurationName = Release;
		};
		6EA8E69F2B96061A00E3DB5D /* Build configuration list for PBXNativeTarget "SleepySoundsTests" */ = {
			isa = XCConfigurationList;
			buildConfigurations = (
				6EA8E6A02B96061A00E3DB5D /* Debug */,
				6EA8E6A12B96061A00E3DB5D /* Release */,
			);
			defaultConfigurationIsVisible = 0;
			defaultConfigurationName = Release;
		};
		6EA8E6A22B96061A00E3DB5D /* Build configuration list for PBXNativeTarget "SleepySoundsUITests" */ = {
			isa = XCConfigurationList;
			buildConfigurations = (
				6EA8E6A32B96061A00E3DB5D /* Debug */,
				6EA8E6A42B96061A00E3DB5D /* Release */,
			);
			defaultConfigurationIsVisible = 0;
			defaultConfigurationName = Release;
		};
/* End XCConfigurationList section */
	};
	rootObject = 6EA8E6702B96061900E3DB5D /* Project object */;
}
